
Microsoft Visual Studio Solution File, Format Version 12.00
# Visual Studio Version 17
VisualStudioVersion = 17.5.33516.290
MinimumVisualStudioVersion = 10.0.40219.1
Project("{FAE04EC0-301F-11D3-BF4B-00C04F79EFBC}") = "Heroes VS Monsters", "Heroes VS Monsters.csproj", "{17AD65EE-F0ED-4394-A17F-7C25917CF324}"
EndProject
Global
	GlobalSection(SolutionConfigurationPlatforms) = preSolution
		Debug|Any CPU = Debug|Any CPU
		Release|Any CPU = Release|Any CPU
	EndGlobalSection
	GlobalSection(ProjectConfigurationPlatforms) = postSolution
		{17AD65EE-F0ED-4394-A17F-7C25917CF324}.Debug|Any CPU.ActiveCfg = Debug|Any CPU
		{17AD65EE-F0ED-4394-A17F-7C25917CF324}.Debug|Any CPU.Build.0 = Debug|Any CPU
		{17AD65EE-F0ED-4394-A17F-7C25917CF324}.Release|Any CPU.ActiveCfg = Release|Any CPU
		{17AD65EE-F0ED-4394-A17F-7C25917CF324}.Release|Any CPU.Build.0 = Release|Any CPU
	EndGlobalSection
	GlobalSection(SolutionProperties) = preSolution
		HideSolutionNode = FALSE
	EndGlobalSection
	GlobalSection(ExtensibilityGlobals) = postSolution
		SolutionGuid = {8910E0EB-8EF3-4A35-81AF-E09AF4386EA2}
	EndGlobalSection
EndGlobal
